
Microsoft Visual Studio Solution File, Format Version 12.00
# Visual Studio Version 17
VisualStudioVersion = 17.14.36401.2 d17.14
MinimumVisualStudioVersion = 10.0.40219.1
Project("{FAE04EC0-301F-11D3-BF4B-00C04F79EFBC}") = "theswitch", "theswitch.csproj", "{846876B6-120F-43FE-9CB3-02199DBE4923}"
EndProject
Global
	GlobalSection(SolutionConfigurationPlatforms) = preSolution
		Debug|Any CPU = Debug|Any CPU
		Release|Any CPU = Release|Any CPU
	EndGlobalSection
	GlobalSection(ProjectConfigurationPlatforms) = postSolution
		{846876B6-120F-43FE-9CB3-02199DBE4923}.Debug|Any CPU.ActiveCfg = Debug|Any CPU
		{846876B6-120F-43FE-9CB3-02199DBE4923}.Debug|Any CPU.Build.0 = Debug|Any CPU
		{846876B6-120F-43FE-9CB3-02199DBE4923}.Release|Any CPU.ActiveCfg = Release|Any CPU
		{846876B6-120F-43FE-9CB3-02199DBE4923}.Release|Any CPU.Build.0 = Release|Any CPU
	EndGlobalSection
	GlobalSection(SolutionProperties) = preSolution
		HideSolutionNode = FALSE
	EndGlobalSection
	GlobalSection(ExtensibilityGlobals) = postSolution
		SolutionGuid = {749DDEC7-8FA9-48D5-8CCA-6068B4B2A8F9}
	EndGlobalSection
EndGlobal
